
Microsoft Visual Studio Solution File, Format Version 12.00
# Visual Studio 15
VisualStudioVersion = 15.0.27703.2047
MinimumVisualStudioVersion = 10.0.40219.1
Project("{9A19103F-16F7-4668-BE54-9A1E7A4F7556}") = "CityInfo", "CityInfo\CityInfo.csproj", "{FB568FC3-CA7C-43D6-A4B3-91DEB442A387}"
EndProject
Project("{2150E333-8FDC-42A3-9474-1A3956D46DE8}") = "Solution Items", "Solution Items", "{1ABF4B21-F6E0-4590-93B0-CF7EAD39C51A}"
EndProject
Global
	GlobalSection(SolutionConfigurationPlatforms) = preSolution
		Debug|Any CPU = Debug|Any CPU
		Release|Any CPU = Release|Any CPU
	EndGlobalSection
	GlobalSection(ProjectConfigurationPlatforms) = postSolution
		{FB568FC3-CA7C-43D6-A4B3-91DEB442A387}.Debug|Any CPU.ActiveCfg = Debug|Any CPU
		{FB568FC3-CA7C-43D6-A4B3-91DEB442A387}.Debug|Any CPU.Build.0 = Debug|Any CPU
		{FB568FC3-CA7C-43D6-A4B3-91DEB442A387}.Release|Any CPU.ActiveCfg = Release|Any CPU
		{FB568FC3-CA7C-43D6-A4B3-91DEB442A387}.Release|Any CPU.Build.0 = Release|Any CPU
	EndGlobalSection
	GlobalSection(SolutionProperties) = preSolution
		HideSolutionNode = FALSE
	EndGlobalSection
	GlobalSection(ExtensibilityGlobals) = postSolution
		SolutionGuid = {51747CC3-F655-486C-9B36-447371B0846C}
	EndGlobalSection
EndGlobal
